
Microsoft Visual Studio Solution File, Format Version 12.00
# Visual Studio 15
VisualStudioVersion = 15.0.28307.1082
MinimumVisualStudioVersion = 10.0.40219.1
Project("{FAE04EC0-301F-11D3-BF4B-00C04F79EFBC}") = "TryCal", "TryCal\TryCal.csproj", "{81ECF56D-59AB-4E19-8BB6-6F564D33F8B6}"
EndProject
Project("{FAE04EC0-301F-11D3-BF4B-00C04F79EFBC}") = "WpfApp1", "WpfApp1\WpfApp1.csproj", "{2F2727AE-7A80-4F92-BDB4-656F14427155}"
EndProject
Global
	GlobalSection(SolutionConfigurationPlatforms) = preSolution
		Debug|Any CPU = Debug|Any CPU
		Release|Any CPU = Release|Any CPU
	EndGlobalSection
	GlobalSection(ProjectConfigurationPlatforms) = postSolution
		{81ECF56D-59AB-4E19-8BB6-6F564D33F8B6}.Debug|Any CPU.ActiveCfg = Debug|Any CPU
		{81ECF56D-59AB-4E19-8BB6-6F564D33F8B6}.Debug|Any CPU.Build.0 = Debug|Any CPU
		{81ECF56D-59AB-4E19-8BB6-6F564D33F8B6}.Release|Any CPU.ActiveCfg = Release|Any CPU
		{81ECF56D-59AB-4E19-8BB6-6F564D33F8B6}.Release|Any CPU.Build.0 = Release|Any CPU
		{2F2727AE-7A80-4F92-BDB4-656F14427155}.Debug|Any CPU.ActiveCfg = Debug|Any CPU
		{2F2727AE-7A80-4F92-BDB4-656F14427155}.Debug|Any CPU.Build.0 = Debug|Any CPU
		{2F2727AE-7A80-4F92-BDB4-656F14427155}.Release|Any CPU.ActiveCfg = Release|Any CPU
		{2F2727AE-7A80-4F92-BDB4-656F14427155}.Release|Any CPU.Build.0 = Release|Any CPU
	EndGlobalSection
	GlobalSection(SolutionProperties) = preSolution
		HideSolutionNode = FALSE
	EndGlobalSection
	GlobalSection(ExtensibilityGlobals) = postSolution
		SolutionGuid = {3A30C882-6E35-4B64-AD9B-48B5F1846DBB}
	EndGlobalSection
EndGlobal
